// !$*UTF8*$!
{
	archiveVersion = 1;
	classes = {
	};
	objectVersion = 77;
	objects = {

/* Begin PBXBuildFile section */
		D78B2FF03038BA4900DC0E4A /* SwiftChatKit in Frameworks */ = {isa = PBXBuildFile; productRef = D78B2FEF3038BA4900DC0E4A /* SwiftChatKit */; };
		D78B2FF23038BA4900DC0E4A /* SwiftChatKitUI in Frameworks */ = {isa = PBXBuildFile; productRef = D78B2FF13038BA4900DC0E4A /* SwiftChatKitUI */; };
		D78B2FF43038BA4900DC0E4A /* SwiftChatKitGemini in Frameworks */ = {isa = PBXBuildFile; productRef = D78B2FF33038BA4900DC0E4A /* SwiftChatKitGemini */; };
		D78B300D303CA14D00DC0E4A /* SwiftChatKitOpenAI in Frameworks */ = {isa = PBXBuildFile; productRef = D78B300C303CA14D00DC0E4A /* SwiftChatKitOpenAI */; };
/* End PBXBuildFile section */

/* Begin PBXFileReference section */
		D78B2FDE3038AC4C00DC0E4A /* ChatDemoMac.app */ = {isa = PBXFileReference; explicitFileType = wrapper.application; includeInIndex = 0; path = ChatDemoMac.app; sourceTree = BUILT_PRODUCTS_DIR; };
/* End PBXFileReference section */

/* Begin PBXFileSystemSynchronizedRootGroup section */
		AA00000100000000000000C1 /* ChatDemoShared */ = {
			isa = PBXFileSystemSynchronizedRootGroup;
			path = ../ChatDemoShared;
			sourceTree = "<group>";
		};
		D78B2FE03038AC4C00DC0E4A /* ChatDemoMac */ = {
			isa = PBXFileSystemSynchronizedRootGroup;
			path = ChatDemoMac;
			sourceTree = "<group>";
		};
/* End PBXFileSystemSynchronizedRootGroup section */

/* Begin PBXFrameworksBuildPhase section */
		D78B2FDB3038AC4C00DC0E4A /* Frameworks */ = {
			isa = PBXFrameworksBuildPhase;
			buildActionMask = 2147483647;
			files = (
				D78B2FF03038BA4900DC0E4A /* SwiftChatKit in Frameworks */,
				D78B2FF23038BA4900DC0E4A /* SwiftChatKitUI in Frameworks */,
				D78B2FF43038BA4900DC0E4A /* SwiftChatKitGemini in Frameworks */,
				D78B300D303CA14D00DC0E4A /* SwiftChatKitOpenAI in Frameworks */,
			);
			runOnlyForDeploymentPostprocessing = 0;
		};
/* End PBXFrameworksBuildPhase section */

/* Begin PBXGroup section */
		D78B2FD53038AC4C00DC0E4A = {
			isa = PBXGroup;
			children = (
				D78B2FE03038AC4C00DC0E4A /* ChatDemoMac */,
				AA00000100000000000000C1 /* ChatDemoShared */,
				D78B300B303CA14D00DC0E4A /* Frameworks */,
				D78B2FDF3038AC4C00DC0E4A /* Products */,
			);
			sourceTree = "<group>";
		};
		D78B2FDF3038AC4C00DC0E4A /* Products */ = {
			isa = PBXGroup;
			children = (
				D78B2FDE3038AC4C00DC0E4A /* ChatDemoMac.app */,
			);
			name = Products;
			sourceTree = "<group>";
		};
		D78B300B303CA14D00DC0E4A /* Frameworks */ = {
			isa = PBXGroup;
			children = (
			);
			name = Frameworks;
			sourceTree = "<group>";
		};
/* End PBXGroup section */

/* Begin PBXNativeTarget section */
		D78B2FDD3038AC4C00DC0E4A /* ChatDemoMac */ = {
			isa = PBXNativeTarget;
			buildConfigurationList = D78B2FE93038AC4E00DC0E4A /* Build configuration list for PBXNativeTarget "ChatDemoMac" */;
			buildPhases = (
				D78B2FDA3038AC4C00DC0E4A /* Sources */,
				D78B2FDB3038AC4C00DC0E4A /* Frameworks */,
				D78B2FDC3038AC4C00DC0E4A /* Resources */,
			);
			buildRules = (
			);
			dependencies = (
			);
			fileSystemSynchronizedGroups = (
				D78B2FE03038AC4C00DC0E4A /* ChatDemoMac */,
				AA00000100000000000000C1 /* ChatDemoShared */,
			);
			name = ChatDemoMac;
			packageProductDependencies = (
				D78B2FEF3038BA4900DC0E4A /* SwiftChatKit */,
				D78B2FF13038BA4900DC0E4A /* SwiftChatKitUI */,
				D78B2FF33038BA4900DC0E4A /* SwiftChatKitGemini */,
				D78B300C303CA14D00DC0E4A /* SwiftChatKitOpenAI */,
			);
			productName = ChatDemoMac;
			productReference = D78B2FDE3038AC4C00DC0E4A /* ChatDemoMac.app */;
			productType = "com.apple.product-type.application";
		};
/* End PBXNativeTarget section */

/* Begin PBXProject section */
		D78B2FD63038AC4C00DC0E4A /* Project object */ = {
			isa = PBXProject;
			attributes = {
				BuildIndependentTargetsInParallel = 1;
				LastSwiftUpdateCheck = 2650;
				LastUpgradeCheck = 2650;
				TargetAttributes = {
					D78B2FDD3038AC4C00DC0E4A = {
						CreatedOnToolsVersion = 26.5;
					};
				};
			};
			buildConfigurationList = D78B2FD93038AC4C00DC0E4A /* Build configuration list for PBXProject "ChatDemoMac" */;
			developmentRegion = en;
			hasScannedForEncodings = 0;
			knownRegions = (
				en,
				Base,
			);
			mainGroup = D78B2FD53038AC4C00DC0E4A;
			minimizedProjectReferenceProxies = 1;
			packageReferences = (
				D78B2FEE3038BA4900DC0E4A /* XCLocalSwiftPackageReference "../.." */,
			);
			preferredProjectObjectVersion = 77;
			productRefGroup = D78B2FDF3038AC4C00DC0E4A /* Products */;
			projectDirPath = "";
			projectRoot = "";
			targets = (
				D78B2FDD3038AC4C00DC0E4A /* ChatDemoMac */,
			);
		};
/* End PBXProject section */

/* Begin PBXResourcesBuildPhase section */
		D78B2FDC3038AC4C00DC0E4A /* Resources */ = {
			isa = PBXResourcesBuildPhase;
			buildActionMask = 2147483647;
			files = (
			);
			runOnlyForDeploymentPostprocessing = 0;
		};
/* End PBXResourcesBuildPhase section */

/* Begin PBXSourcesBuildPhase section */
		D78B2FDA3038AC4C00DC0E4A /* Sources */ = {
			isa = PBXSourcesBuildPhase;
			buildActionMask = 2147483647;
			files = (
			);
			runOnlyForDeploymentPostprocessing = 0;
		};
/* End PBXSourcesBuildPhase section */

/* Begin XCBuildConfiguration section */
		D78B2FE73038AC4E00DC0E4A /* Debug */ = {
			isa = XCBuildConfiguration;
			buildSettings = {
				ALWAYS_SEARCH_USER_PATHS = NO;
				ASSETCATALOG_COMPILER_GENERATE_SWIFT_ASSET_SYMBOL_EXTENSIONS = YES;
				CLANG_ANALYZER_NONNULL = YES;
				CLANG_ANALYZER_NUMBER_OBJECT_CONVERSION = YES_AGGRESSIVE;
				CLANG_CXX_LANGUAGE_STANDARD = "gnu++20";
				CLANG_ENABLE_MODULES = YES;
				CLANG_ENABLE_OBJC_ARC = YES;
				CLANG_ENABLE_OBJC_WEAK = YES;
				CLANG_WARN_BLOCK_CAPTURE_AUTORELEASING = YES;
				CLANG_WARN_BOOL_CONVERSION = YES;
				CLANG_WARN_COMMA = YES;
				CLANG_WARN_CONSTANT_CONVERSION = YES;
				CLANG_WARN_DEPRECATED_OBJC_IMPLEMENTATIONS = YES;
				CLANG_WARN_DIRECT_OBJC_ISA_USAGE = YES_ERROR;
				CLANG_WARN_DOCUMENTATION_COMMENTS = YES;
				CLANG_WARN_EMPTY_BODY = YES;
				CLANG_WARN_ENUM_CONVERSION = YES;
				CLANG_WARN_INFINITE_RECURSION = YES;
				CLANG_WARN_INT_CONVERSION = YES;
				CLANG_WARN_NON_LITERAL_NULL_CONVERSION = YES;
				CLANG_WARN_OBJC_IMPLICIT_RETAIN_SELF = YES;
				CLANG_WARN_OBJC_LITERAL_CONVERSION = YES;
				CLANG_WARN_OBJC_ROOT_CLASS = YES_ERROR;
				CLANG_WARN_QUOTED_INCLUDE_IN_FRAMEWORK_HEADER = YES;
				CLANG_WARN_RANGE_LOOP_ANALYSIS = YES;
				CLANG_WARN_STRICT_PROTOTYPES = YES;
				CLANG_WARN_SUSPICIOUS_MOVE = YES;
				CLANG_WARN_UNGUARDED_AVAILABILITY = YES_AGGRESSIVE;
				CLANG_WARN_UNREACHABLE_CODE = YES;
				CLANG_WARN__DUPLICATE_METHOD_MATCH = YES;
				COPY_PHASE_STRIP = NO;
				DEBUG_INFORMATION_FORMAT = dwarf;
				ENABLE_STRICT_OBJC_MSGSEND = YES;
				ENABLE_TESTABILITY = YES;
				ENABLE_USER_SCRIPT_SANDBOXING = YES;
				GCC_C_LANGUAGE_STANDARD = gnu17;
				GCC_DYNAMIC_NO_PIC = NO;
				GCC_NO_COMMON_BLOCKS = YES;
				GCC_OPTIMIZATION_LEVEL = 0;
				GCC_PREPROCESSOR_DEFINITIONS = (
					"DEBUG=1",
					"$(inherited)",
				);
				GCC_WARN_64_TO_32_BIT_CONVERSION = YES;
				GCC_WARN_ABOUT_RETURN_TYPE = YES_ERROR;
				GCC_WARN_UNDECLARED_SELECTOR = YES;
				GCC_WARN_UNINITIALIZED_AUTOS = YES_AGGRESSIVE;
				GCC_WARN_UNUSED_FUNCTION = YES;
				GCC_WARN_UNUSED_VARIABLE = YES;
				MACOSX_DEPLOYMENT_TARGET = 14.0;
				LOCALIZATION_PREFERS_STRING_CATALOGS = YES;
				MTL_ENABLE_DEBUG_INFO = INCLUDE_SOURCE;
				MTL_FAST_MATH = YES;
				ONLY_ACTIVE_ARCH = YES;
				SDKROOT = macosx;
				SWIFT_ACTIVE_COMPILATION_CONDITIONS = "DEBUG $(inherited)";
				SWIFT_OPTIMIZATION_LEVEL = "-Onone";
			};
			name = Debug;
		};
		D78B2FE83038AC4E00DC0E4A /* Release */ = {
			isa = XCBuildConfiguration;
			buildSettings = {
				ALWAYS_SEARCH_USER_PATHS = NO;
				ASSETCATALOG_COMPILER_GENERATE_SWIFT_ASSET_SYMBOL_EXTENSIONS = YES;
				CLANG_ANALYZER_NONNULL = YES;
				CLANG_ANALYZER_NUMBER_OBJECT_CONVERSION = YES_AGGRESSIVE;
				CLANG_CXX_LANGUAGE_STANDARD = "gnu++20";
				CLANG_ENABLE_MODULES = YES;
				CLANG_ENABLE_OBJC_ARC = YES;
				CLANG_ENABLE_OBJC_WEAK = YES;
				CLANG_WARN_BLOCK_CAPTURE_AUTORELEASING = YES;
				CLANG_WARN_BOOL_CONVERSION = YES;
				CLANG_WARN_COMMA = YES;
				CLANG_WARN_CONSTANT_CONVERSION = YES;
				CLANG_WARN_DEPRECATED_OBJC_IMPLEMENTATIONS = YES;
				CLANG_WARN_DIRECT_OBJC_ISA_USAGE = YES_ERROR;
				CLANG_WARN_DOCUMENTATION_COMMENTS = YES;
				CLANG_WARN_EMPTY_BODY = YES;
				CLANG_WARN_ENUM_CONVERSION = YES;
				CLANG_WARN_INFINITE_RECURSION = YES;
				CLANG_WARN_INT_CONVERSION = YES;
				CLANG_WARN_NON_LITERAL_NULL_CONVERSION = YES;
				CLANG_WARN_OBJC_IMPLICIT_RETAIN_SELF = YES;
				CLANG_WARN_OBJC_LITERAL_CONVERSION = YES;
				CLANG_WARN_OBJC_ROOT_CLASS = YES_ERROR;
				CLANG_WARN_QUOTED_INCLUDE_IN_FRAMEWORK_HEADER = YES;
				CLANG_WARN_RANGE_LOOP_ANALYSIS = YES;
				CLANG_WARN_STRICT_PROTOTYPES = YES;
				CLANG_WARN_SUSPICIOUS_MOVE = YES;
				CLANG_WARN_UNGUARDED_AVAILABILITY = YES_AGGRESSIVE;
				CLANG_WARN_UNREACHABLE_CODE = YES;
				CLANG_WARN__DUPLICATE_METHOD_MATCH = YES;
				COPY_PHASE_STRIP = NO;
				DEBUG_INFORMATION_FORMAT = "dwarf-with-dsym";
				ENABLE_NS_ASSERTIONS = NO;
				ENABLE_STRICT_OBJC_MSGSEND = YES;
				ENABLE_USER_SCRIPT_SANDBOXING = YES;
				GCC_C_LANGUAGE_STANDARD = gnu17;
				GCC_NO_COMMON_BLOCKS = YES;
				GCC_WARN_64_TO_32_BIT_CONVERSION = YES;
				GCC_WARN_ABOUT_RETURN_TYPE = YES_ERROR;
				GCC_WARN_UNDECLARED_SELECTOR = YES;
				GCC_WARN_UNINITIALIZED_AUTOS = YES_AGGRESSIVE;
				GCC_WARN_UNUSED_FUNCTION = YES;
				GCC_WARN_UNUSED_VARIABLE = YES;
				MACOSX_DEPLOYMENT_TARGET = 14.0;
				LOCALIZATION_PREFERS_STRING_CATALOGS = YES;
				MTL_ENABLE_DEBUG_INFO = NO;
				MTL_FAST_MATH = YES;
				SDKROOT = macosx;
				SWIFT_COMPILATION_MODE = wholemodule;
				VALIDATE_PRODUCT = YES;
			};
			name = Release;
		};
		D78B2FEA3038AC4E00DC0E4A /* Debug */ = {
			isa = XCBuildConfiguration;
			buildSettings = {
				ASSETCATALOG_COMPILER_APPICON_NAME = AppIcon;
				ASSETCATALOG_COMPILER_GLOBAL_ACCENT_COLOR_NAME = AccentColor;
				CODE_SIGN_ENTITLEMENTS = ChatDemoMac/ChatDemoMac.entitlements;
				CODE_SIGN_STYLE = Automatic;
				CURRENT_PROJECT_VERSION = 1;
				ENABLE_PREVIEWS = YES;
				GENERATE_INFOPLIST_FILE = YES;
				INFOPLIST_KEY_NSHumanReadableCopyright = "";
				LD_RUNPATH_SEARCH_PATHS = (
					"$(inherited)",
					"@executable_path/../Frameworks",
				);
				MARKETING_VERSION = 1.0;
				PRODUCT_BUNDLE_IDENTIFIER = com.example.ChatDemoMac;
				PRODUCT_NAME = "$(TARGET_NAME)";
				STRING_CATALOG_GENERATE_SYMBOLS = YES;
				SWIFT_APPROACHABLE_CONCURRENCY = YES;
				SWIFT_DEFAULT_ACTOR_ISOLATION = MainActor;
				SWIFT_EMIT_LOC_STRINGS = YES;
				SWIFT_UPCOMING_FEATURE_MEMBER_IMPORT_VISIBILITY = YES;
				SWIFT_VERSION = 5.0;
			};
			name = Debug;
		};
		D78B2FEB3038AC4E00DC0E4A /* Release */ = {
			isa = XCBuildConfiguration;
			buildSettings = {
				ASSETCATALOG_COMPILER_APPICON_NAME = AppIcon;
				ASSETCATALOG_COMPILER_GLOBAL_ACCENT_COLOR_NAME = AccentColor;
				CODE_SIGN_ENTITLEMENTS = ChatDemoMac/ChatDemoMac.entitlements;
				CODE_SIGN_STYLE = Automatic;
				CURRENT_PROJECT_VERSION = 1;
				ENABLE_PREVIEWS = YES;
				GENERATE_INFOPLIST_FILE = YES;
				INFOPLIST_KEY_NSHumanReadableCopyright = "";
				LD_RUNPATH_SEARCH_PATHS = (
					"$(inherited)",
					"@executable_path/../Frameworks",
				);
				MARKETING_VERSION = 1.0;
				PRODUCT_BUNDLE_IDENTIFIER = com.example.ChatDemoMac;
				PRODUCT_NAME = "$(TARGET_NAME)";
				STRING_CATALOG_GENERATE_SYMBOLS = YES;
				SWIFT_APPROACHABLE_CONCURRENCY = YES;
				SWIFT_DEFAULT_ACTOR_ISOLATION = MainActor;
				SWIFT_EMIT_LOC_STRINGS = YES;
				SWIFT_UPCOMING_FEATURE_MEMBER_IMPORT_VISIBILITY = YES;
				SWIFT_VERSION = 5.0;
			};
			name = Release;
		};
/* End XCBuildConfiguration section */

/* Begin XCConfigurationList section */
		D78B2FD93038AC4C00DC0E4A /* Build configuration list for PBXProject "ChatDemoMac" */ = {
			isa = XCConfigurationList;
			buildConfigurations = (
				D78B2FE73038AC4E00DC0E4A /* Debug */,
				D78B2FE83038AC4E00DC0E4A /* Release */,
			);
			defaultConfigurationIsVisible = 0;
			defaultConfigurationName = Release;
		};
		D78B2FE93038AC4E00DC0E4A /* Build configuration list for PBXNativeTarget "ChatDemoMac" */ = {
			isa = XCConfigurationList;
			buildConfigurations = (
				D78B2FEA3038AC4E00DC0E4A /* Debug */,
				D78B2FEB3038AC4E00DC0E4A /* Release */,
			);
			defaultConfigurationIsVisible = 0;
			defaultConfigurationName = Release;
		};
/* End XCConfigurationList section */

/* Begin XCLocalSwiftPackageReference section */
		D78B2FEE3038BA4900DC0E4A /* XCLocalSwiftPackageReference "../.." */ = {
			isa = XCLocalSwiftPackageReference;
			relativePath = ../..;
		};
/* End XCLocalSwiftPackageReference section */

/* Begin XCSwiftPackageProductDependency section */
		D78B2FEF3038BA4900DC0E4A /* SwiftChatKit */ = {
			isa = XCSwiftPackageProductDependency;
			package = D78B2FEE3038BA4900DC0E4A /* XCLocalSwiftPackageReference "../.." */;
			productName = SwiftChatKit;
		};
		D78B2FF13038BA4900DC0E4A /* SwiftChatKitUI */ = {
			isa = XCSwiftPackageProductDependency;
			package = D78B2FEE3038BA4900DC0E4A /* XCLocalSwiftPackageReference "../.." */;
			productName = SwiftChatKitUI;
		};
		D78B2FF33038BA4900DC0E4A /* SwiftChatKitGemini */ = {
			isa = XCSwiftPackageProductDependency;
			package = D78B2FEE3038BA4900DC0E4A /* XCLocalSwiftPackageReference "../.." */;
			productName = SwiftChatKitGemini;
		};
		D78B300C303CA14D00DC0E4A /* SwiftChatKitOpenAI */ = {
			isa = XCSwiftPackageProductDependency;
			package = D78B2FEE3038BA4900DC0E4A /* XCLocalSwiftPackageReference "../.." */;
			productName = SwiftChatKitOpenAI;
		};
/* End XCSwiftPackageProductDependency section */
	};
	rootObject = D78B2FD63038AC4C00DC0E4A /* Project object */;
}
